
Microsoft Visual Studio Solution File, Format Version 12.00
# Visual Studio Version 17
VisualStudioVersion = 17.9.34714.143
MinimumVisualStudioVersion = 10.0.40219.1
Project("{9A19103F-16F7-4668-BE54-9A1E7A4F7556}") = "WebAPI", "WebAPI\WebAPI.csproj", "{6DABCDA0-4EF2-44AB-BFE6-2583146B833D}"
EndProject
Project("{2150E333-8FDC-42A3-9474-1A3956D46DE8}") = "4. WebAPI_Project", "4. WebAPI_Project", "{7A63D73B-45AC-4B77-A8A3-31094071532D}"
EndProject
Project("{2150E333-8FDC-42A3-9474-1A3956D46DE8}") = "2. WebAPI_Application", "2. WebAPI_Application", "{BFF07E98-3D2C-44C6-B845-B3ECEA7276B9}"
EndProject
Project("{2150E333-8FDC-42A3-9474-1A3956D46DE8}") = "1. WebAPI_Domain", "1. WebAPI_Domain", "{E07F3A7E-507A-4041-89A8-5097532B2EA9}"
EndProject
Project("{2150E333-8FDC-42A3-9474-1A3956D46DE8}") = "3. WebAPI_InfraStructure", "3. WebAPI_InfraStructure", "{7B07CE38-7389-4879-BE39-4BE12B672E28}"
EndProject
Project("{2150E333-8FDC-42A3-9474-1A3956D46DE8}") = "6. WebAPI_DesignPatterns", "6. WebAPI_DesignPatterns", "{92061A33-FDF7-4D2B-906A-2E3D9F381349}"
EndProject
Project("{2150E333-8FDC-42A3-9474-1A3956D46DE8}") = "7. WebAPI_Tests", "7. WebAPI_Tests", "{0BE3D199-9FE6-4B23-BDF2-B3C377003C8C}"
EndProject
Project("{2150E333-8FDC-42A3-9474-1A3956D46DE8}") = "8. WebAPI_WebJobs", "8. WebAPI_WebJobs", "{2D097F21-2B62-4BC4-99AB-042034DFC7A3}"
EndProject
Project("{9A19103F-16F7-4668-BE54-9A1E7A4F7556}") = "WebAPI.Application", "WebAPI.Application\WebAPI.Application.csproj", "{6B16DABD-F6DE-49FD-96C9-4F9F08F46700}"
EndProject
Project("{9A19103F-16F7-4668-BE54-9A1E7A4F7556}") = "WebAPI.Domain", "WebAPI.Domain\WebAPI.Domain.csproj", "{FBDABF26-41A9-405B-8D05-AEA58AACF0D9}"
EndProject
Project("{9A19103F-16F7-4668-BE54-9A1E7A4F7556}") = "WebAPI.DesignPatterns", "WebAPI.DesignPatterns\WebAPI.DesignPatterns.csproj", "{E0166369-D303-48C5-A2D0-561C605E2540}"
EndProject
Project("{9A19103F-16F7-4668-BE54-9A1E7A4F7556}") = "TestsWebAPI", "TestsWebAPI\TestsWebAPI.csproj", "{0FABA153-0E00-4BE1-B1E2-27612203C5F7}"
EndProject
Project("{9A19103F-16F7-4668-BE54-9A1E7A4F7556}") = "WebJobs.WebAPI", "WebJobs.WebAPI\WebJobs.WebAPI.csproj", "{825B97CA-A626-470B-9672-32F25E7C3FC6}"
EndProject
Project("{9A19103F-16F7-4668-BE54-9A1E7A4F7556}") = "WebJobs.Core", "WebJobs.Core\WebJobs.Core.csproj", "{E9F6622E-1220-4174-9339-A706A77C956F}"
EndProject
Project("{E53339B2-1760-4266-BCC7-CA923CBCF16C}") = "docker-compose", "docker-compose.dcproj", "{C1B0BE22-EFD3-4BD8-90C0-6A785337867E}"
EndProject
Project("{2150E333-8FDC-42A3-9474-1A3956D46DE8}") = "5. WebAPI_Environment", "5. WebAPI_Environment", "{FC2A7367-72D6-4E3E-9530-EA0557CC8034}"
	ProjectSection(SolutionItems) = preProject
		DEV.bat = DEV.bat
	EndProjectSection
EndProject
Project("{9A19103F-16F7-4668-BE54-9A1E7A4F7556}") = "WebAPI_VerticalSliceArc", "WebAPI_VerticalSliceArc\WebAPI_VerticalSliceArc.csproj", "{31281BD1-D341-4275-86CD-DB59EA301BDB}"
EndProject
Project("{9A19103F-16F7-4668-BE54-9A1E7A4F7556}") = "WebAPI_Gateway", "WebAPI_Gateway\WebAPI_Gateway.csproj", "{CD52BB44-B522-4C2D-860E-8EB1985908E9}"
EndProject
Project("{9A19103F-16F7-4668-BE54-9A1E7A4F7556}") = "WebAPI.InfraStructure.CrossCutting", "WebAPI.InfraStructure\WebAPI.InfraStructure.CrossCutting\WebAPI.InfraStructure.CrossCutting.csproj", "{7366BE50-7731-4EB3-B04D-D741E3C4D40A}"
EndProject
Project("{2150E333-8FDC-42A3-9474-1A3956D46DE8}") = "3.2 WebAPI.InfraStructure.CrossCutting", "3.2 WebAPI.InfraStructure.CrossCutting", "{A62C2EF2-9820-447E-8B76-3CBE9AAC0FEC}"
EndProject
Project("{2150E333-8FDC-42A3-9474-1A3956D46DE8}") = "3.1 WebAPI.InfraStructure.Data", "3.1 WebAPI.InfraStructure.Data", "{0933A953-AA4A-4E73-9ED0-58A33A2A2F36}"
EndProject
Project("{9A19103F-16F7-4668-BE54-9A1E7A4F7556}") = "WebAPI.InfraStructure.Data", "WebAPI.InfraStructure\WebAPI.InfraStructure.Data\WebAPI.InfraStructure.Data.csproj", "{1642BEE6-439D-4E92-B6E3-A94383C40DB2}"
EndProject
Project("{2150E333-8FDC-42A3-9474-1A3956D46DE8}") = "3.3 WebAPI.InfraStructure.IoC", "3.3 WebAPI.InfraStructure.IoC", "{6517DBDC-0D7E-4215-BF6E-FF9ADA5E5AA1}"
EndProject
Project("{9A19103F-16F7-4668-BE54-9A1E7A4F7556}") = "WebAPI.InfraStructure.IoC", "WebAPI.InfraStructure\WebAPI.InfraStructure.IoC\WebAPI.InfraStructure.IoC.csproj", "{B524BDD8-7575-4FAE-B221-9FF1DEE21455}"
EndProject
Global
	GlobalSection(SolutionConfigurationPlatforms) = preSolution
		Debug|Any CPU = Debug|Any CPU
		Release|Any CPU = Release|Any CPU
	EndGlobalSection
	GlobalSection(ProjectConfigurationPlatforms) = postSolution
		{6DABCDA0-4EF2-44AB-BFE6-2583146B833D}.Debug|Any CPU.ActiveCfg = Debug|Any CPU
		{6DABCDA0-4EF2-44AB-BFE6-2583146B833D}.Debug|Any CPU.Build.0 = Debug|Any CPU
		{6DABCDA0-4EF2-44AB-BFE6-2583146B833D}.Release|Any CPU.ActiveCfg = Release|Any CPU
		{6DABCDA0-4EF2-44AB-BFE6-2583146B833D}.Release|Any CPU.Build.0 = Release|Any CPU
		{6B16DABD-F6DE-49FD-96C9-4F9F08F46700}.Debug|Any CPU.ActiveCfg = Debug|Any CPU
		{6B16DABD-F6DE-49FD-96C9-4F9F08F46700}.Debug|Any CPU.Build.0 = Debug|Any CPU
		{6B16DABD-F6DE-49FD-96C9-4F9F08F46700}.Release|Any CPU.ActiveCfg = Release|Any CPU
		{6B16DABD-F6DE-49FD-96C9-4F9F08F46700}.Release|Any CPU.Build.0 = Release|Any CPU
		{FBDABF26-41A9-405B-8D05-AEA58AACF0D9}.Debug|Any CPU.ActiveCfg = Debug|Any CPU
		{FBDABF26-41A9-405B-8D05-AEA58AACF0D9}.Debug|Any CPU.Build.0 = Debug|Any CPU
		{FBDABF26-41A9-405B-8D05-AEA58AACF0D9}.Release|Any CPU.ActiveCfg = Release|Any CPU
		{FBDABF26-41A9-405B-8D05-AEA58AACF0D9}.Release|Any CPU.Build.0 = Release|Any CPU
		{E0166369-D303-48C5-A2D0-561C605E2540}.Debug|Any CPU.ActiveCfg = Debug|Any CPU
		{E0166369-D303-48C5-A2D0-561C605E2540}.Debug|Any CPU.Build.0 = Debug|Any CPU
		{E0166369-D303-48C5-A2D0-561C605E2540}.Release|Any CPU.ActiveCfg = Release|Any CPU
		{E0166369-D303-48C5-A2D0-561C605E2540}.Release|Any CPU.Build.0 = Release|Any CPU
		{0FABA153-0E00-4BE1-B1E2-27612203C5F7}.Debug|Any CPU.ActiveCfg = Debug|Any CPU
		{0FABA153-0E00-4BE1-B1E2-27612203C5F7}.Debug|Any CPU.Build.0 = Debug|Any CPU
		{0FABA153-0E00-4BE1-B1E2-27612203C5F7}.Release|Any CPU.ActiveCfg = Release|Any CPU
		{0FABA153-0E00-4BE1-B1E2-27612203C5F7}.Release|Any CPU.Build.0 = Release|Any CPU
		{825B97CA-A626-470B-9672-32F25E7C3FC6}.Debug|Any CPU.ActiveCfg = Debug|Any CPU
		{825B97CA-A626-470B-9672-32F25E7C3FC6}.Debug|Any CPU.Build.0 = Debug|Any CPU
		{825B97CA-A626-470B-9672-32F25E7C3FC6}.Release|Any CPU.ActiveCfg = Release|Any CPU
		{825B97CA-A626-470B-9672-32F25E7C3FC6}.Release|Any CPU.Build.0 = Release|Any CPU
		{E9F6622E-1220-4174-9339-A706A77C956F}.Debug|Any CPU.ActiveCfg = Debug|Any CPU
		{E9F6622E-1220-4174-9339-A706A77C956F}.Debug|Any CPU.Build.0 = Debug|Any CPU
		{E9F6622E-1220-4174-9339-A706A77C956F}.Release|Any CPU.ActiveCfg = Release|Any CPU
		{E9F6622E-1220-4174-9339-A706A77C956F}.Release|Any CPU.Build.0 = Release|Any CPU
		{C1B0BE22-EFD3-4BD8-90C0-6A785337867E}.Debug|Any CPU.ActiveCfg = Debug|Any CPU
		{C1B0BE22-EFD3-4BD8-90C0-6A785337867E}.Debug|Any CPU.Build.0 = Debug|Any CPU
		{C1B0BE22-EFD3-4BD8-90C0-6A785337867E}.Release|Any CPU.ActiveCfg = Release|Any CPU
		{C1B0BE22-EFD3-4BD8-90C0-6A785337867E}.Release|Any CPU.Build.0 = Release|Any CPU
		{31281BD1-D341-4275-86CD-DB59EA301BDB}.Debug|Any CPU.ActiveCfg = Debug|Any CPU
		{31281BD1-D341-4275-86CD-DB59EA301BDB}.Debug|Any CPU.Build.0 = Debug|Any CPU
		{31281BD1-D341-4275-86CD-DB59EA301BDB}.Release|Any CPU.ActiveCfg = Release|Any CPU
		{31281BD1-D341-4275-86CD-DB59EA301BDB}.Release|Any CPU.Build.0 = Release|Any CPU
		{CD52BB44-B522-4C2D-860E-8EB1985908E9}.Debug|Any CPU.ActiveCfg = Debug|Any CPU
		{CD52BB44-B522-4C2D-860E-8EB1985908E9}.Debug|Any CPU.Build.0 = Debug|Any CPU
		{CD52BB44-B522-4C2D-860E-8EB1985908E9}.Release|Any CPU.ActiveCfg = Release|Any CPU
		{CD52BB44-B522-4C2D-860E-8EB1985908E9}.Release|Any CPU.Build.0 = Release|Any CPU
		{7366BE50-7731-4EB3-B04D-D741E3C4D40A}.Debug|Any CPU.ActiveCfg = Debug|Any CPU
		{7366BE50-7731-4EB3-B04D-D741E3C4D40A}.Debug|Any CPU.Build.0 = Debug|Any CPU
		{7366BE50-7731-4EB3-B04D-D741E3C4D40A}.Release|Any CPU.ActiveCfg = Release|Any CPU
		{7366BE50-7731-4EB3-B04D-D741E3C4D40A}.Release|Any CPU.Build.0 = Release|Any CPU
		{1642BEE6-439D-4E92-B6E3-A94383C40DB2}.Debug|Any CPU.ActiveCfg = Debug|Any CPU
		{1642BEE6-439D-4E92-B6E3-A94383C40DB2}.Debug|Any CPU.Build.0 = Debug|Any CPU
		{1642BEE6-439D-4E92-B6E3-A94383C40DB2}.Release|Any CPU.ActiveCfg = Release|Any CPU
		{1642BEE6-439D-4E92-B6E3-A94383C40DB2}.Release|Any CPU.Build.0 = Release|Any CPU
		{B524BDD8-7575-4FAE-B221-9FF1DEE21455}.Debug|Any CPU.ActiveCfg = Debug|Any CPU
		{B524BDD8-7575-4FAE-B221-9FF1DEE21455}.Debug|Any CPU.Build.0 = Debug|Any CPU
		{B524BDD8-7575-4FAE-B221-9FF1DEE21455}.Release|Any CPU.ActiveCfg = Release|Any CPU
		{B524BDD8-7575-4FAE-B221-9FF1DEE21455}.Release|Any CPU.Build.0 = Release|Any CPU
	EndGlobalSection
	GlobalSection(SolutionProperties) = preSolution
		HideSolutionNode = FALSE
	EndGlobalSection
	GlobalSection(NestedProjects) = preSolution
		{6DABCDA0-4EF2-44AB-BFE6-2583146B833D} = {7A63D73B-45AC-4B77-A8A3-31094071532D}
		{6B16DABD-F6DE-49FD-96C9-4F9F08F46700} = {BFF07E98-3D2C-44C6-B845-B3ECEA7276B9}
		{FBDABF26-41A9-405B-8D05-AEA58AACF0D9} = {E07F3A7E-507A-4041-89A8-5097532B2EA9}
		{E0166369-D303-48C5-A2D0-561C605E2540} = {92061A33-FDF7-4D2B-906A-2E3D9F381349}
		{0FABA153-0E00-4BE1-B1E2-27612203C5F7} = {0BE3D199-9FE6-4B23-BDF2-B3C377003C8C}
		{825B97CA-A626-470B-9672-32F25E7C3FC6} = {2D097F21-2B62-4BC4-99AB-042034DFC7A3}
		{E9F6622E-1220-4174-9339-A706A77C956F} = {2D097F21-2B62-4BC4-99AB-042034DFC7A3}
		{31281BD1-D341-4275-86CD-DB59EA301BDB} = {7A63D73B-45AC-4B77-A8A3-31094071532D}
		{CD52BB44-B522-4C2D-860E-8EB1985908E9} = {7A63D73B-45AC-4B77-A8A3-31094071532D}
		{7366BE50-7731-4EB3-B04D-D741E3C4D40A} = {A62C2EF2-9820-447E-8B76-3CBE9AAC0FEC}
		{A62C2EF2-9820-447E-8B76-3CBE9AAC0FEC} = {7B07CE38-7389-4879-BE39-4BE12B672E28}
		{0933A953-AA4A-4E73-9ED0-58A33A2A2F36} = {7B07CE38-7389-4879-BE39-4BE12B672E28}
		{1642BEE6-439D-4E92-B6E3-A94383C40DB2} = {0933A953-AA4A-4E73-9ED0-58A33A2A2F36}
		{6517DBDC-0D7E-4215-BF6E-FF9ADA5E5AA1} = {7B07CE38-7389-4879-BE39-4BE12B672E28}
		{B524BDD8-7575-4FAE-B221-9FF1DEE21455} = {6517DBDC-0D7E-4215-BF6E-FF9ADA5E5AA1}
	EndGlobalSection
	GlobalSection(ExtensibilityGlobals) = postSolution
		SolutionGuid = {C8A24EC0-E82F-4CCE-8952-2D9E0AA056C7}
	EndGlobalSection
EndGlobal
